
Microsoft Visual Studio Solution File, Format Version 12.00
# Visual Studio Version 17
VisualStudioVersion = 17.14.36414.22 d17.14
MinimumVisualStudioVersion = 10.0.40219.1
Project("{FAE04EC0-301F-11D3-BF4B-00C04F79EFBC}") = "Calculator App", "Calculator App\Calculator App.csproj", "{5F0A69AF-F854-495A-AB9E-8FC6F6B21850}"
EndProject
Global
	GlobalSection(SolutionConfigurationPlatforms) = preSolution
		Debug|Any CPU = Debug|Any CPU
		Release|Any CPU = Release|Any CPU
	EndGlobalSection
	GlobalSection(ProjectConfigurationPlatforms) = postSolution
		{5F0A69AF-F854-495A-AB9E-8FC6F6B21850}.Debug|Any CPU.ActiveCfg = Debug|Any CPU
		{5F0A69AF-F854-495A-AB9E-8FC6F6B21850}.Debug|Any CPU.Build.0 = Debug|Any CPU
		{5F0A69AF-F854-495A-AB9E-8FC6F6B21850}.Release|Any CPU.ActiveCfg = Release|Any CPU
		{5F0A69AF-F854-495A-AB9E-8FC6F6B21850}.Release|Any CPU.Build.0 = Release|Any CPU
	EndGlobalSection
	GlobalSection(SolutionProperties) = preSolution
		HideSolutionNode = FALSE
	EndGlobalSection
	GlobalSection(ExtensibilityGlobals) = postSolution
		SolutionGuid = {CED21961-4430-400A-B541-80607E3F838C}
	EndGlobalSection
EndGlobal
